# THIS IS AN AUTOGENERATED FILE. DO NOT EDIT THIS FILE DIRECTLY.
# yarn lockfile v1


"@mastergo/plugin-typings@^1.14.0":
  version "1.14.0"
  resolved "https://registry.yarnpkg.com/@mastergo/plugin-typings/-/plugin-typings-1.14.0.tgz#365e28e7e5fcc24e04c183f3da6c3bd293fd2e06"
  integrity sha512-bFqZMyr/5/sF9C6eI10BaKd9RM1XR9uh2rlG6n01nRW9y2uqhCikfB4vi0wA3NMcbXUB7eaN5+ioewQK5Lzkhg==
